
Microsoft Visual Studio Solution File, Format Version 12.00
# Visual Studio Version 17
VisualStudioVersion = 17.7.34031.279
MinimumVisualStudioVersion = 10.0.40219.1
Project("{FAE04EC0-301F-11D3-BF4B-00C04F79EFBC}") = "WebApplicationMain", "WebApplicationMain\WebApplicationMain.csproj", "{FF3B02BA-C8D5-4B03-B6EE-39BB258773E3}"
EndProject
Global
	GlobalSection(SolutionConfigurationPlatforms) = preSolution
		Debug|Any CPU = Debug|Any CPU
		Release|Any CPU = Release|Any CPU
	EndGlobalSection
	GlobalSection(ProjectConfigurationPlatforms) = postSolution
		{FF3B02BA-C8D5-4B03-B6EE-39BB258773E3}.Debug|Any CPU.ActiveCfg = Debug|Any CPU
		{FF3B02BA-C8D5-4B03-B6EE-39BB258773E3}.Debug|Any CPU.Build.0 = Debug|Any CPU
		{FF3B02BA-C8D5-4B03-B6EE-39BB258773E3}.Release|Any CPU.ActiveCfg = Release|Any CPU
		{FF3B02BA-C8D5-4B03-B6EE-39BB258773E3}.Release|Any CPU.Build.0 = Release|Any CPU
	EndGlobalSection
	GlobalSection(SolutionProperties) = preSolution
		HideSolutionNode = FALSE
	EndGlobalSection
	GlobalSection(ExtensibilityGlobals) = postSolution
		SolutionGuid = {C7B652E3-D9FD-4695-9D2B-202762210EF1}
	EndGlobalSection
EndGlobal
